
Microsoft Visual Studio Solution File, Format Version 12.00
# Visual Studio Version 17
VisualStudioVersion = 17.3.32901.215
MinimumVisualStudioVersion = 10.0.40219.1
Project("{FAE04EC0-301F-11D3-BF4B-00C04F79EFBC}") = "menüayarları-ornk", "menüayarları-ornk\menüayarları-ornk.csproj", "{4E793FD9-D8D5-4BAD-9120-F3F2116A0A5A}"
EndProject
Global
	GlobalSection(SolutionConfigurationPlatforms) = preSolution
		Debug|Any CPU = Debug|Any CPU
		Release|Any CPU = Release|Any CPU
	EndGlobalSection
	GlobalSection(ProjectConfigurationPlatforms) = postSolution
		{4E793FD9-D8D5-4BAD-9120-F3F2116A0A5A}.Debug|Any CPU.ActiveCfg = Debug|Any CPU
		{4E793FD9-D8D5-4BAD-9120-F3F2116A0A5A}.Debug|Any CPU.Build.0 = Debug|Any CPU
		{4E793FD9-D8D5-4BAD-9120-F3F2116A0A5A}.Release|Any CPU.ActiveCfg = Release|Any CPU
		{4E793FD9-D8D5-4BAD-9120-F3F2116A0A5A}.Release|Any CPU.Build.0 = Release|Any CPU
	EndGlobalSection
	GlobalSection(SolutionProperties) = preSolution
		HideSolutionNode = FALSE
	EndGlobalSection
	GlobalSection(ExtensibilityGlobals) = postSolution
		SolutionGuid = {CA0DFB69-8A71-48CA-A6A7-463A18C44C24}
	EndGlobalSection
EndGlobal
